
Microsoft Visual Studio Solution File, Format Version 12.00
# Visual Studio Version 17
VisualStudioVersion = 17.8.34316.72
MinimumVisualStudioVersion = 10.0.40219.1
Project("{FAE04EC0-301F-11D3-BF4B-00C04F79EFBC}") = "dikstra moze zadziala", "dikstra moze zadziala\dikstra moze zadziala.csproj", "{52A0B06A-B793-4613-9BCA-464ADC22DA6E}"
EndProject
Global
	GlobalSection(SolutionConfigurationPlatforms) = preSolution
		Debug|Any CPU = Debug|Any CPU
		Release|Any CPU = Release|Any CPU
	EndGlobalSection
	GlobalSection(ProjectConfigurationPlatforms) = postSolution
		{52A0B06A-B793-4613-9BCA-464ADC22DA6E}.Debug|Any CPU.ActiveCfg = Debug|Any CPU
		{52A0B06A-B793-4613-9BCA-464ADC22DA6E}.Debug|Any CPU.Build.0 = Debug|Any CPU
		{52A0B06A-B793-4613-9BCA-464ADC22DA6E}.Release|Any CPU.ActiveCfg = Release|Any CPU
		{52A0B06A-B793-4613-9BCA-464ADC22DA6E}.Release|Any CPU.Build.0 = Release|Any CPU
	EndGlobalSection
	GlobalSection(SolutionProperties) = preSolution
		HideSolutionNode = FALSE
	EndGlobalSection
	GlobalSection(ExtensibilityGlobals) = postSolution
		SolutionGuid = {8E9896A1-FF54-48CB-8F98-AB932A19BAD9}
	EndGlobalSection
EndGlobal
